
Microsoft Visual Studio Solution File, Format Version 11.00
# Visual Studio 2010
Project("{FAE04EC0-301F-11D3-BF4B-00C04F79EFBC}") = "Zvjezdojedac editori", "Zvjezdojedac editori\Zvjezdojedac editori.csproj", "{0976210E-AC0E-4237-BC9C-1E1ADAA6DF92}"
EndProject
Project("{FAE04EC0-301F-11D3-BF4B-00C04F79EFBC}") = "Zvjezdojedac", "Zvjezdojedac\Zvjezdojedac.csproj", "{6F2E432A-0C27-4A47-B110-CCA402BBCD4F}"
EndProject
Global
	GlobalSection(SolutionConfigurationPlatforms) = preSolution
		Debug|Any CPU = Debug|Any CPU
		Release|Any CPU = Release|Any CPU
	EndGlobalSection
	GlobalSection(ProjectConfigurationPlatforms) = postSolution
		{0976210E-AC0E-4237-BC9C-1E1ADAA6DF92}.Debug|Any CPU.ActiveCfg = Debug|Any CPU
		{0976210E-AC0E-4237-BC9C-1E1ADAA6DF92}.Debug|Any CPU.Build.0 = Debug|Any CPU
		{0976210E-AC0E-4237-BC9C-1E1ADAA6DF92}.Release|Any CPU.ActiveCfg = Release|Any CPU
		{0976210E-AC0E-4237-BC9C-1E1ADAA6DF92}.Release|Any CPU.Build.0 = Release|Any CPU
		{6F2E432A-0C27-4A47-B110-CCA402BBCD4F}.Debug|Any CPU.ActiveCfg = Debug|Any CPU
		{6F2E432A-0C27-4A47-B110-CCA402BBCD4F}.Debug|Any CPU.Build.0 = Debug|Any CPU
		{6F2E432A-0C27-4A47-B110-CCA402BBCD4F}.Release|Any CPU.ActiveCfg = Release|Any CPU
		{6F2E432A-0C27-4A47-B110-CCA402BBCD4F}.Release|Any CPU.Build.0 = Release|Any CPU
	EndGlobalSection
	GlobalSection(MonoDevelopProperties) = preSolution
		StartupItem = Zvjezdojedac\Zvjezdojedac.csproj
	EndGlobalSection
	GlobalSection(SolutionProperties) = preSolution
		HideSolutionNode = FALSE
	EndGlobalSection
EndGlobal
